
Microsoft Visual Studio Solution File, Format Version 12.00
# Visual Studio Version 17
VisualStudioVersion = 17.14.36408.4 d17.14
MinimumVisualStudioVersion = 10.0.40219.1
Project("{FAE04EC0-301F-11D3-BF4B-00C04F79EFBC}") = "QuizGame2", "QuizGame2\QuizGame2.csproj", "{55608B03-1149-4BF0-B7BB-2BE1B31220EE}"
EndProject
Global
	GlobalSection(SolutionConfigurationPlatforms) = preSolution
		Debug|Any CPU = Debug|Any CPU
		Release|Any CPU = Release|Any CPU
	EndGlobalSection
	GlobalSection(ProjectConfigurationPlatforms) = postSolution
		{55608B03-1149-4BF0-B7BB-2BE1B31220EE}.Debug|Any CPU.ActiveCfg = Debug|Any CPU
		{55608B03-1149-4BF0-B7BB-2BE1B31220EE}.Debug|Any CPU.Build.0 = Debug|Any CPU
		{55608B03-1149-4BF0-B7BB-2BE1B31220EE}.Release|Any CPU.ActiveCfg = Release|Any CPU
		{55608B03-1149-4BF0-B7BB-2BE1B31220EE}.Release|Any CPU.Build.0 = Release|Any CPU
	EndGlobalSection
	GlobalSection(SolutionProperties) = preSolution
		HideSolutionNode = FALSE
	EndGlobalSection
	GlobalSection(ExtensibilityGlobals) = postSolution
		SolutionGuid = {4E8AA39A-BB88-4E12-AD75-86F9B00F77CD}
	EndGlobalSection
EndGlobal
